{
  "name": "client",
  "version": "0.1.0",
  "lockfileVersion": 1,
  "requires": true,
  "dependencies": {
    "@types/history": {
      "version": "4.6.2",
      "resolved": "http://192.168.251.88:4873/@types%2fhistory/-/history-4.6.2.tgz",
      "integrity": "sha512-eVAb52MJ4lfPLiO9VvTgv8KaZDEIqCwhv+lXOMLlt4C1YHTShgmMULEg0RrCbnqfYd6QKfHsMp0MiX0vWISpSw==",
      "dev": true
    },
    "@types/react": {
      "version": "16.0.41",
      "resolved": "http://192.168.251.88:4873/@types%2freact/-/react-16.0.41.tgz",
      "integrity": "sha512-hbAKPclom+NzM/iqB9JmP7UfWl0j/xsOIzWCB8iIJ7Dq0BlY80IeulgHwod2EOYILD5hc/DJAJvMFKfczdWBsQ==",
      "dev": true
    },
    "@types/react-router": {
      "version": "4.0.23",
      "resolved": "http://192.168.251.88:4873/@types%2freact-router/-/react-router-4.0.23.tgz",
      "integrity": "sha512-o1yEm2Eimw7kwzJSamvBlAPXmhH14zL+AQOCgviGthMcqFVVmhZCv63PgxMZfq+PcfMIqP1O2Wq7BU94IXyVfQ==",
      "dev": true,
      "requires": {
        "@types/history": "4.6.2",
        "@types/react": "16.0.41"
      }
    },
    "@types/react-router-dom": {
      "version": "4.2.5",
      "resolved": "http://192.168.251.88:4873/@types%2freact-router-dom/-/react-router-dom-4.2.5.tgz",
      "integrity": "sha512-e03TTlYW8cEIJw8bRPmfpVvXN8BpeusjOypxNwlbovPGltR7WwQzZBlutsJC6XQxhhHd7g62Qkyt1oBCcosjkQ==",
      "dev": true,
      "requires": {
        "@types/history": "4.6.2",
        "@types/react": "16.0.41",
        "@types/react-router": "4.0.23"
      }
    }
  }
}
