{
  "name": "todo-node",
  "version": "1.0.0",
  "lockfileVersion": 1,
  "requires": true,
  "dependencies": {
    "@types/redux-actions": {
      "version": "2.2.4",
      "resolved": "http://192.168.251.88:4873/@types%2fredux-actions/-/redux-actions-2.2.4.tgz",
      "integrity": "sha512-w4R3kz7fZEIiG+CCuL253pB83zJhkAwmkjx00AD3bZkSkt1KiqmQBt7jCctZDkN7WtDosb0E9tTKX58NE+7I7Q==",
      "dev": true
    }
  }
}
